
Microsoft Visual Studio Solution File, Format Version 12.00
# Visual Studio Version 16
VisualStudioVersion = 16.0.30804.86
MinimumVisualStudioVersion = 10.0.40219.1
Project("{9A19103F-16F7-4668-BE54-9A1E7A4F7556}") = "ServerApplication", "ServerApplication\ServerApplication.csproj", "{FF796ECD-CD4C-4641-BCCE-239D7634369B}"
EndProject
Project("{FAE04EC0-301F-11D3-BF4B-00C04F79EFBC}") = "DataShopEntityFramework", "DataShopEntityFramework\DataShopEntityFramework.csproj", "{C795BCDA-59AE-465B-9A4D-8C8C0460F66C}"
EndProject
Global
	GlobalSection(SolutionConfigurationPlatforms) = preSolution
		Debug|Any CPU = Debug|Any CPU
		Release|Any CPU = Release|Any CPU
	EndGlobalSection
	GlobalSection(ProjectConfigurationPlatforms) = postSolution
		{FF796ECD-CD4C-4641-BCCE-239D7634369B}.Debug|Any CPU.ActiveCfg = Debug|Any CPU
		{FF796ECD-CD4C-4641-BCCE-239D7634369B}.Debug|Any CPU.Build.0 = Debug|Any CPU
		{FF796ECD-CD4C-4641-BCCE-239D7634369B}.Release|Any CPU.ActiveCfg = Release|Any CPU
		{FF796ECD-CD4C-4641-BCCE-239D7634369B}.Release|Any CPU.Build.0 = Release|Any CPU
		{C795BCDA-59AE-465B-9A4D-8C8C0460F66C}.Debug|Any CPU.ActiveCfg = Debug|Any CPU
		{C795BCDA-59AE-465B-9A4D-8C8C0460F66C}.Debug|Any CPU.Build.0 = Debug|Any CPU
		{C795BCDA-59AE-465B-9A4D-8C8C0460F66C}.Release|Any CPU.ActiveCfg = Release|Any CPU
		{C795BCDA-59AE-465B-9A4D-8C8C0460F66C}.Release|Any CPU.Build.0 = Release|Any CPU
	EndGlobalSection
	GlobalSection(SolutionProperties) = preSolution
		HideSolutionNode = FALSE
	EndGlobalSection
	GlobalSection(ExtensibilityGlobals) = postSolution
		SolutionGuid = {580F20DA-970E-4511-B6BE-9A4463318067}
	EndGlobalSection
EndGlobal
